
Microsoft Visual Studio Solution File, Format Version 12.00
# Visual Studio 14
VisualStudioVersion = 14.0.22823.1
MinimumVisualStudioVersion = 10.0.40219.1
Project("{FAE04EC0-301F-11D3-BF4B-00C04F79EFBC}") = "XamlBrewer.Uwp.SplitViewSample", "XamlBrewer.Uwp.SplitViewSample\XamlBrewer.Uwp.SplitViewSample.csproj", "{BB0FBDD7-631E-4FD9-AD2B-5264EEECE54E}"
EndProject
Global
	GlobalSection(SolutionConfigurationPlatforms) = preSolution
		Debug|ARM = Debug|ARM
		Debug|x64 = Debug|x64
		Debug|x86 = Debug|x86
		Release|ARM = Release|ARM
		Release|x64 = Release|x64
		Release|x86 = Release|x86
	EndGlobalSection
	GlobalSection(ProjectConfigurationPlatforms) = postSolution
		{BB0FBDD7-631E-4FD9-AD2B-5264EEECE54E}.Debug|ARM.ActiveCfg = Debug|ARM
		{BB0FBDD7-631E-4FD9-AD2B-5264EEECE54E}.Debug|ARM.Build.0 = Debug|ARM
		{BB0FBDD7-631E-4FD9-AD2B-5264EEECE54E}.Debug|ARM.Deploy.0 = Debug|ARM
		{BB0FBDD7-631E-4FD9-AD2B-5264EEECE54E}.Debug|x64.ActiveCfg = Debug|x64
		{BB0FBDD7-631E-4FD9-AD2B-5264EEECE54E}.Debug|x64.Build.0 = Debug|x64
		{BB0FBDD7-631E-4FD9-AD2B-5264EEECE54E}.Debug|x64.Deploy.0 = Debug|x64
		{BB0FBDD7-631E-4FD9-AD2B-5264EEECE54E}.Debug|x86.ActiveCfg = Debug|x86
		{BB0FBDD7-631E-4FD9-AD2B-5264EEECE54E}.Debug|x86.Build.0 = Debug|x86
		{BB0FBDD7-631E-4FD9-AD2B-5264EEECE54E}.Debug|x86.Deploy.0 = Debug|x86
		{BB0FBDD7-631E-4FD9-AD2B-5264EEECE54E}.Release|ARM.ActiveCfg = Release|ARM
		{BB0FBDD7-631E-4FD9-AD2B-5264EEECE54E}.Release|ARM.Build.0 = Release|ARM
		{BB0FBDD7-631E-4FD9-AD2B-5264EEECE54E}.Release|ARM.Deploy.0 = Release|ARM
		{BB0FBDD7-631E-4FD9-AD2B-5264EEECE54E}.Release|x64.ActiveCfg = Release|x64
		{BB0FBDD7-631E-4FD9-AD2B-5264EEECE54E}.Release|x64.Build.0 = Release|x64
		{BB0FBDD7-631E-4FD9-AD2B-5264EEECE54E}.Release|x64.Deploy.0 = Release|x64
		{BB0FBDD7-631E-4FD9-AD2B-5264EEECE54E}.Release|x86.ActiveCfg = Release|x86
		{BB0FBDD7-631E-4FD9-AD2B-5264EEECE54E}.Release|x86.Build.0 = Release|x86
		{BB0FBDD7-631E-4FD9-AD2B-5264EEECE54E}.Release|x86.Deploy.0 = Release|x86
	EndGlobalSection
	GlobalSection(SolutionProperties) = preSolution
		HideSolutionNode = FALSE
	EndGlobalSection
EndGlobal
